
Microsoft Visual Studio Solution File, Format Version 12.00
# Visual Studio Version 17
VisualStudioVersion = 17.13.35931.197
MinimumVisualStudioVersion = 10.0.40219.1
Project("{FAE04EC0-301F-11D3-BF4B-00C04F79EFBC}") = "Warehouse", "Warehouse.csproj", "{97527368-200E-4CB4-8E1D-88CC6C30057E}"
EndProject
Global
	GlobalSection(SolutionConfigurationPlatforms) = preSolution
		Debug|Any CPU = Debug|Any CPU
		Release|Any CPU = Release|Any CPU
	EndGlobalSection
	GlobalSection(ProjectConfigurationPlatforms) = postSolution
		{97527368-200E-4CB4-8E1D-88CC6C30057E}.Debug|Any CPU.ActiveCfg = Debug|Any CPU
		{97527368-200E-4CB4-8E1D-88CC6C30057E}.Debug|Any CPU.Build.0 = Debug|Any CPU
		{97527368-200E-4CB4-8E1D-88CC6C30057E}.Release|Any CPU.ActiveCfg = Release|Any CPU
		{97527368-200E-4CB4-8E1D-88CC6C30057E}.Release|Any CPU.Build.0 = Release|Any CPU
	EndGlobalSection
	GlobalSection(SolutionProperties) = preSolution
		HideSolutionNode = FALSE
	EndGlobalSection
	GlobalSection(ExtensibilityGlobals) = postSolution
		SolutionGuid = {F97BB6EE-FE6B-4E65-8D1D-4916141D0106}
	EndGlobalSection
EndGlobal
